
Microsoft Visual Studio Solution File, Format Version 12.00
# Visual Studio 15
Project("{FAE04EC0-301F-11D3-BF4B-00C04F79EFBC}") = "Assembly-CSharp", "Assembly-CSharp.csproj", "{2E11BC12-BF79-0DCC-5AA3-D791EC8E8F08}"
EndProject
Project("{FAE04EC0-301F-11D3-BF4B-00C04F79EFBC}") = "Assembly-CSharp-Editor", "Assembly-CSharp-Editor.csproj", "{694A53E4-426A-0DB4-BFC0-CBAD62E8B839}"
EndProject
Global
	GlobalSection(SolutionConfigurationPlatforms) = preSolution
		Debug|Any CPU = Debug|Any CPU
		Release|Any CPU = Release|Any CPU
	EndGlobalSection
	GlobalSection(ProjectConfigurationPlatforms) = postSolution
		{2E11BC12-BF79-0DCC-5AA3-D791EC8E8F08}.Debug|Any CPU.ActiveCfg = Debug|Any CPU
		{2E11BC12-BF79-0DCC-5AA3-D791EC8E8F08}.Debug|Any CPU.Build.0 = Debug|Any CPU
		{2E11BC12-BF79-0DCC-5AA3-D791EC8E8F08}.Release|Any CPU.ActiveCfg = Release|Any CPU
		{2E11BC12-BF79-0DCC-5AA3-D791EC8E8F08}.Release|Any CPU.Build.0 = Release|Any CPU
		{694A53E4-426A-0DB4-BFC0-CBAD62E8B839}.Debug|Any CPU.ActiveCfg = Debug|Any CPU
		{694A53E4-426A-0DB4-BFC0-CBAD62E8B839}.Debug|Any CPU.Build.0 = Debug|Any CPU
		{694A53E4-426A-0DB4-BFC0-CBAD62E8B839}.Release|Any CPU.ActiveCfg = Release|Any CPU
		{694A53E4-426A-0DB4-BFC0-CBAD62E8B839}.Release|Any CPU.Build.0 = Release|Any CPU
	EndGlobalSection
	GlobalSection(SolutionProperties) = preSolution
		HideSolutionNode = FALSE
	EndGlobalSection
EndGlobal
